<?xml version="1.0" encoding="utf-8"?>
<Project ToolsVersion="4.0" xmlns="http://schemas.microsoft.com/developer/msbuild/2003">
  <ItemGroup>
    <Filter Include="Source Files">
      <UniqueIdentifier>{4FC737F1-C7A5-4376-A066-2A32D752A2FF}</UniqueIdentifier>
      <Extensions>cpp;c;cc;cxx;c++;cppm;ixx;def;odl;idl;hpj;bat;asm;asmx</Extensions>
    </Filter>
    <Filter Include="Header Files">
      <UniqueIdentifier>{93995380-89BD-4b04-88EB-625FBE52EBFB}</UniqueIdentifier>
      <Extensions>h;hh;hpp;hxx;h++;hm;inl;inc;ipp;xsd</Extensions>
    </Filter>
    <Filter Include="Resource Files">
      <UniqueIdentifier>{67DA6AB6-F800-4c08-8B7A-83BB121AAD01}</UniqueIdentifier>
      <Extensions>rc;ico;cur;bmp;dlg;rc2;rct;bin;rgs;gif;jpg;jpeg;jpe;resx;tiff;tif;png;wav;mfcribbon-ms</Extensions>
    </Filter>
    <Filter Include="Header Files\light">
      <UniqueIdentifier>{aa9a8740-578c-43ed-be31-a8fddaa11bff}</UniqueIdentifier>
    </Filter>
    <Filter Include="Header Files\object">
      <UniqueIdentifier>{5eb2de94-17cd-4344-a8a2-90236e0a4d8e}</UniqueIdentifier>
    </Filter>
    <Filter Include="Header Files\shader">
      <UniqueIdentifier>{f3b74f33-bc8a-40d7-bacb-16636b1485c9}</UniqueIdentifier>
    </Filter>
    <Filter Include="Header Files\ray">
      <UniqueIdentifier>{f16b5ce9-9bcd-4714-98aa-bc85a25ed8fb}</UniqueIdentifier>
    </Filter>
  </ItemGroup>
  <ItemGroup>
    <ClInclude Include="header\light\pointLight.h">
      <Filter>Header Files\light</Filter>
    </ClInclude>
    <ClInclude Include="header\light\light.h">
      <Filter>Header Files\light</Filter>
    </ClInclude>
    <ClInclude Include="header\util.h">
      <Filter>Header Files</Filter>
    </ClInclude>
    <ClInclude Include="header\object\cube.h">
      <Filter>Header Files\object</Filter>
    </ClInclude>
    <ClInclude Include="header\object\object.h">
      <Filter>Header Files\object</Filter>
    </ClInclude>
    <ClInclude Include="header\object\quad.h">
      <Filter>Header Files\object</Filter>
    </ClInclude>
    <ClInclude Include="header\object\sphere.h">
      <Filter>Header Files\object</Filter>
    </ClInclude>
    <ClInclude Include="header\camera.h">
      <Filter>Header Files</Filter>
    </ClInclude>
    <ClInclude Include="header\shader.h">
      <Filter>Header Files</Filter>
    </ClInclude>
    <ClInclude Include="header\stb_image.h">
      <Filter>Header Files</Filter>
    </ClInclude>
    <ClInclude Include="header\ray\ray.h">
      <Filter>Header Files\ray</Filter>
    </ClInclude>
    <ClInclude Include="header\ray\raytracer.h">
      <Filter>Header Files\ray</Filter>
    </ClInclude>
    <ClInclude Include="header\ray\tracingRay.h">
      <Filter>Header Files\ray</Filter>
    </ClInclude>
  </ItemGroup>
  <ItemGroup>
    <ClCompile Include="glad.c">
      <Filter>Source Files</Filter>
    </ClCompile>
    <ClCompile Include="src\Source.cpp">
      <Filter>Source Files</Filter>
    </ClCompile>
    <ClCompile Include="header\object\cube.cpp">
      <Filter>Header Files\object</Filter>
    </ClCompile>
    <ClCompile Include="header\object\object.cpp">
      <Filter>Header Files\object</Filter>
    </ClCompile>
    <ClCompile Include="header\object\quad.cpp">
      <Filter>Header Files\object</Filter>
    </ClCompile>
    <ClCompile Include="header\object\sphere.cpp">
      <Filter>Header Files\object</Filter>
    </ClCompile>
    <ClCompile Include="header\light\pointLight.cpp">
      <Filter>Header Files\light</Filter>
    </ClCompile>
  </ItemGroup>
  <ItemGroup>
    <None Include="header\shader\plainColor.fs">
      <Filter>Header Files\shader</Filter>
    </None>
    <None Include="header\shader\plainColor.vs">
      <Filter>Header Files\shader</Filter>
    </None>
    <None Include="header\shader\phong.vs">
      <Filter>Header Files\shader</Filter>
    </None>
    <None Include="header\shader\phong.fs">
      <Filter>Header Files\shader</Filter>
    </None>
    <None Include="header\shader\line.fs">
      <Filter>Header Files\shader</Filter>
    </None>
    <None Include="header\shader\line.gs">
      <Filter>Header Files\shader</Filter>
    </None>
    <None Include="header\shader\line.vs">
      <Filter>Header Files\shader</Filter>
    </None>
    <None Include="header\shader\depthMap.fs">
      <Filter>Header Files\shader</Filter>
    </None>
    <None Include="header\shader\depthMap.vs">
      <Filter>Header Files\shader</Filter>
    </None>
    <None Include="header\shader\depthCubeMap.vs">
      <Filter>Header Files\shader</Filter>
    </None>
    <None Include="header\shader\depthCubeMap.gs">
      <Filter>Header Files\shader</Filter>
    </None>
    <None Include="header\shader\depthCubeMap.fs">
      <Filter>Header Files\shader</Filter>
    </None>
  </ItemGroup>
</Project>